// !$*UTF8*$!
{
	archiveVersion = 1;
	classes = {
	};
	objectVersion = 56;
	objects = {

/* Begin PBXBuildFile section */
		9BFA9F9F29CCB43E0008EA69 /* WalEApp.swift in Sources */ = {isa = PBXBuildFile; fileRef = 9BFA9F9E29CCB43E0008EA69 /* WalEApp.swift */; };
		9BFA9FA129CCB43E0008EA69 /* ContentView.swift in Sources */ = {isa = PBXBuildFile; fileRef = 9BFA9FA029CCB43E0008EA69 /* ContentView.swift */; };
		9BFA9FA329CCB4410008EA69 /* Assets.xcassets in Resources */ = {isa = PBXBuildFile; fileRef = 9BFA9FA229CCB4410008EA69 /* Assets.xcassets */; };
		9BFA9FA729CCB4410008EA69 /* Preview Assets.xcassets in Resources */ = {isa = PBXBuildFile; fileRef = 9BFA9FA629CCB4410008EA69 /* Preview Assets.xcassets */; };
		9BFA9FB129CCB4410008EA69 /* WalETests.swift in Sources */ = {isa = PBXBuildFile; fileRef = 9BFA9FB029CCB4410008EA69 /* WalETests.swift */; };
		9BFA9FBB29CCB4410008EA69 /* WalEUITests.swift in Sources */ = {isa = PBXBuildFile; fileRef = 9BFA9FBA29CCB4410008EA69 /* WalEUITests.swift */; };
		9BFA9FBD29CCB4410008EA69 /* WalEUITestsLaunchTests.swift in Sources */ = {isa = PBXBuildFile; fileRef = 9BFA9FBC29CCB4410008EA69 /* WalEUITestsLaunchTests.swift */; };
/* End PBXBuildFile section */

/* Begin PBXContainerItemProxy section */
		9BFA9FAD29CCB4410008EA69 /* PBXContainerItemProxy */ = {
			isa = PBXContainerItemProxy;
			containerPortal = 9BFA9F9329CCB43E0008EA69 /* Project object */;
			proxyType = 1;
			remoteGlobalIDString = 9BFA9F9A29CCB43E0008EA69;
			remoteInfo = WalE;
		};
		9BFA9FB729CCB4410008EA69 /* PBXContainerItemProxy */ = {
			isa = PBXContainerItemProxy;
			containerPortal = 9BFA9F9329CCB43E0008EA69 /* Project object */;
			proxyType = 1;
			remoteGlobalIDString = 9BFA9F9A29CCB43E0008EA69;
			remoteInfo = WalE;
		};
/* End PBXContainerItemProxy section */

/* Begin PBXFileReference section */
		9BFA9F9B29CCB43E0008EA69 /* WalE.app */ = {isa = PBXFileReference; explicitFileType = wrapper.application; includeInIndex = 0; path = WalE.app; sourceTree = BUILT_PRODUCTS_DIR; };
		9BFA9F9E29CCB43E0008EA69 /* WalEApp.swift */ = {isa = PBXFileReference; lastKnownFileType = sourcecode.swift; path = WalEApp.swift; sourceTree = "<group>"; };
		9BFA9FA029CCB43E0008EA69 /* ContentView.swift */ = {isa = PBXFileReference; lastKnownFileType = sourcecode.swift; path = ContentView.swift; sourceTree = "<group>"; };
		9BFA9FA229CCB4410008EA69 /* Assets.xcassets */ = {isa = PBXFileReference; lastKnownFileType = folder.assetcatalog; path = Assets.xcassets; sourceTree = "<group>"; };
		9BFA9FA429CCB4410008EA69 /* WalE.entitlements */ = {isa = PBXFileReference; lastKnownFileType = text.plist.entitlements; path = WalE.entitlements; sourceTree = "<group>"; };
		9BFA9FA629CCB4410008EA69 /* Preview Assets.xcassets */ = {isa = PBXFileReference; lastKnownFileType = folder.assetcatalog; path = "Preview Assets.xcassets"; sourceTree = "<group>"; };
		9BFA9FAC29CCB4410008EA69 /* WalETests.xctest */ = {isa = PBXFileReference; explicitFileType = wrapper.cfbundle; includeInIndex = 0; path = WalETests.xctest; sourceTree = BUILT_PRODUCTS_DIR; };
		9BFA9FB029CCB4410008EA69 /* WalETests.swift */ = {isa = PBXFileReference; lastKnownFileType = sourcecode.swift; path = WalETests.swift; sourceTree = "<group>"; };
		9BFA9FB629CCB4410008EA69 /* WalEUITests.xctest */ = {isa = PBXFileReference; explicitFileType = wrapper.cfbundle; includeInIndex = 0; path = WalEUITests.xctest; sourceTree = BUILT_PRODUCTS_DIR; };
		9BFA9FBA29CCB4410008EA69 /* WalEUITests.swift */ = {isa = PBXFileReference; lastKnownFileType = sourcecode.swift; path = WalEUITests.swift; sourceTree = "<group>"; };
		9BFA9FBC29CCB4410008EA69 /* WalEUITestsLaunchTests.swift */ = {isa = PBXFileReference; lastKnownFileType = sourcecode.swift; path = WalEUITestsLaunchTests.swift; sourceTree = "<group>"; };
/* End PBXFileReference section */

/* Begin PBXFrameworksBuildPhase section */
		9BFA9F9829CCB43E0008EA69 /* Frameworks */ = {
			isa = PBXFrameworksBuildPhase;
			buildActionMask = 2147483647;
			files = (
			);
			runOnlyForDeploymentPostprocessing = 0;
		};
		9BFA9FA929CCB4410008EA69 /* Frameworks */ = {
			isa = PBXFrameworksBuildPhase;
			buildActionMask = 2147483647;
			files = (
			);
			runOnlyForDeploymentPostprocessing = 0;
		};
		9BFA9FB329CCB4410008EA69 /* Frameworks */ = {
			isa = PBXFrameworksBuildPhase;
			buildActionMask = 2147483647;
			files = (
			);
			runOnlyForDeploymentPostprocessing = 0;
		};
/* End PBXFrameworksBuildPhase section */

/* Begin PBXGroup section */
		9BFA9F9229CCB43E0008EA69 = {
			isa = PBXGroup;
			children = (
				9BFA9F9D29CCB43E0008EA69 /* WalE */,
				9BFA9FAF29CCB4410008EA69 /* WalETests */,
				9BFA9FB929CCB4410008EA69 /* WalEUITests */,
				9BFA9F9C29CCB43E0008EA69 /* Products */,
			);
			sourceTree = "<group>";
		};
		9BFA9F9C29CCB43E0008EA69 /* Products */ = {
			isa = PBXGroup;
			children = (
				9BFA9F9B29CCB43E0008EA69 /* WalE.app */,
				9BFA9FAC29CCB4410008EA69 /* WalETests.xctest */,
				9BFA9FB629CCB4410008EA69 /* WalEUITests.xctest */,
			);
			name = Products;
			sourceTree = "<group>";
		};
		9BFA9F9D29CCB43E0008EA69 /* WalE */ = {
			isa = PBXGroup;
			children = (
				9BFA9F9E29CCB43E0008EA69 /* WalEApp.swift */,
				9BFA9FA029CCB43E0008EA69 /* ContentView.swift */,
				9BFA9FA229CCB4410008EA69 /* Assets.xcassets */,
				9BFA9FA429CCB4410008EA69 /* WalE.entitlements */,
				9BFA9FA529CCB4410008EA69 /* Preview Content */,
			);
			path = WalE;
			sourceTree = "<group>";
		};
		9BFA9FA529CCB4410008EA69 /* Preview Content */ = {
			isa = PBXGroup;
			children = (
				9BFA9FA629CCB4410008EA69 /* Preview Assets.xcassets */,
			);
			path = "Preview Content";
			sourceTree = "<group>";
		};
		9BFA9FAF29CCB4410008EA69 /* WalETests */ = {
			isa = PBXGroup;
			children = (
				9BFA9FB029CCB4410008EA69 /* WalETests.swift */,
			);
			path = WalETests;
			sourceTree = "<group>";
		};
		9BFA9FB929CCB4410008EA69 /* WalEUITests */ = {
			isa = PBXGroup;
			children = (
				9BFA9FBA29CCB4410008EA69 /* WalEUITests.swift */,
				9BFA9FBC29CCB4410008EA69 /* WalEUITestsLaunchTests.swift */,
			);
			path = WalEUITests;
			sourceTree = "<group>";
		};
/* End PBXGroup section */

/* Begin PBXNativeTarget section */
		9BFA9F9A29CCB43E0008EA69 /* WalE */ = {
			isa = PBXNativeTarget;
			buildConfigurationList = 9BFA9FC029CCB4410008EA69 /* Build configuration list for PBXNativeTarget "WalE" */;
			buildPhases = (
				9BFA9F9729CCB43E0008EA69 /* Sources */,
				9BFA9F9829CCB43E0008EA69 /* Frameworks */,
				9BFA9F9929CCB43E0008EA69 /* Resources */,
			);
			buildRules = (
			);
			dependencies = (
			);
			name = WalE;
			productName = WalE;
			productReference = 9BFA9F9B29CCB43E0008EA69 /* WalE.app */;
			productType = "com.apple.product-type.application";
		};
		9BFA9FAB29CCB4410008EA69 /* WalETests */ = {
			isa = PBXNativeTarget;
			buildConfigurationList = 9BFA9FC329CCB4410008EA69 /* Build configuration list for PBXNativeTarget "WalETests" */;
			buildPhases = (
				9BFA9FA829CCB4410008EA69 /* Sources */,
				9BFA9FA929CCB4410008EA69 /* Frameworks */,
				9BFA9FAA29CCB4410008EA69 /* Resources */,
			);
			buildRules = (
			);
			dependencies = (
				9BFA9FAE29CCB4410008EA69 /* PBXTargetDependency */,
			);
			name = WalETests;
			productName = WalETests;
			productReference = 9BFA9FAC29CCB4410008EA69 /* WalETests.xctest */;
			productType = "com.apple.product-type.bundle.unit-test";
		};
		9BFA9FB529CCB4410008EA69 /* WalEUITests */ = {
			isa = PBXNativeTarget;
			buildConfigurationList = 9BFA9FC629CCB4410008EA69 /* Build configuration list for PBXNativeTarget "WalEUITests" */;
			buildPhases = (
				9BFA9FB229CCB4410008EA69 /* Sources */,
				9BFA9FB329CCB4410008EA69 /* Frameworks */,
				9BFA9FB429CCB4410008EA69 /* Resources */,
			);
			buildRules = (
			);
			dependencies = (
				9BFA9FB829CCB4410008EA69 /* PBXTargetDependency */,
			);
			name = WalEUITests;
			productName = WalEUITests;
			productReference = 9BFA9FB629CCB4410008EA69 /* WalEUITests.xctest */;
			productType = "com.apple.product-type.bundle.ui-testing";
		};
/* End PBXNativeTarget section */

/* Begin PBXProject section */
		9BFA9F9329CCB43E0008EA69 /* Project object */ = {
			isa = PBXProject;
			attributes = {
				BuildIndependentTargetsInParallel = 1;
				LastSwiftUpdateCheck = 1420;
				LastUpgradeCheck = 1420;
				TargetAttributes = {
					9BFA9F9A29CCB43E0008EA69 = {
						CreatedOnToolsVersion = 14.2;
					};
					9BFA9FAB29CCB4410008EA69 = {
						CreatedOnToolsVersion = 14.2;
						TestTargetID = 9BFA9F9A29CCB43E0008EA69;
					};
					9BFA9FB529CCB4410008EA69 = {
						CreatedOnToolsVersion = 14.2;
						TestTargetID = 9BFA9F9A29CCB43E0008EA69;
					};
				};
			};
			buildConfigurationList = 9BFA9F9629CCB43E0008EA69 /* Build configuration list for PBXProject "WalE" */;
			compatibilityVersion = "Xcode 14.0";
			developmentRegion = en;
			hasScannedForEncodings = 0;
			knownRegions = (
				en,
				Base,
			);
			mainGroup = 9BFA9F9229CCB43E0008EA69;
			productRefGroup = 9BFA9F9C29CCB43E0008EA69 /* Products */;
			projectDirPath = "";
			projectRoot = "";
			targets = (
				9BFA9F9A29CCB43E0008EA69 /* WalE */,
				9BFA9FAB29CCB4410008EA69 /* WalETests */,
				9BFA9FB529CCB4410008EA69 /* WalEUITests */,
			);
		};
/* End PBXProject section */

/* Begin PBXResourcesBuildPhase section */
		9BFA9F9929CCB43E0008EA69 /* Resources */ = {
			isa = PBXResourcesBuildPhase;
			buildActionMask = 2147483647;
			files = (
				9BFA9FA729CCB4410008EA69 /* Preview Assets.xcassets in Resources */,
				9BFA9FA329CCB4410008EA69 /* Assets.xcassets in Resources */,
			);
			runOnlyForDeploymentPostprocessing = 0;
		};
		9BFA9FAA29CCB4410008EA69 /* Resources */ = {
			isa = PBXResourcesBuildPhase;
			buildActionMask = 2147483647;
			files = (
			);
			runOnlyForDeploymentPostprocessing = 0;
		};
		9BFA9FB429CCB4410008EA69 /* Resources */ = {
			isa = PBXResourcesBuildPhase;
			buildActionMask = 2147483647;
			files = (
			);
			runOnlyForDeploymentPostprocessing = 0;
		};
/* End PBXResourcesBuildPhase section */

/* Begin PBXSourcesBuildPhase section */
		9BFA9F9729CCB43E0008EA69 /* Sources */ = {
			isa = PBXSourcesBuildPhase;
			buildActionMask = 2147483647;
			files = (
				9BFA9FA129CCB43E0008EA69 /* ContentView.swift in Sources */,
				9BFA9F9F29CCB43E0008EA69 /* WalEApp.swift in Sources */,
			);
			runOnlyForDeploymentPostprocessing = 0;
		};
		9BFA9FA829CCB4410008EA69 /* Sources */ = {
			isa = PBXSourcesBuildPhase;
			buildActionMask = 2147483647;
			files = (
				9BFA9FB129CCB4410008EA69 /* WalETests.swift in Sources */,
			);
			runOnlyForDeploymentPostprocessing = 0;
		};
		9BFA9FB229CCB4410008EA69 /* Sources */ = {
			isa = PBXSourcesBuildPhase;
			buildActionMask = 2147483647;
			files = (
				9BFA9FBB29CCB4410008EA69 /* WalEUITests.swift in Sources */,
				9BFA9FBD29CCB4410008EA69 /* WalEUITestsLaunchTests.swift in Sources */,
			);
			runOnlyForDeploymentPostprocessing = 0;
		};
/* End PBXSourcesBuildPhase section */

/* Begin PBXTargetDependency section */
		9BFA9FAE29CCB4410008EA69 /* PBXTargetDependency */ = {
			isa = PBXTargetDependency;
			target = 9BFA9F9A29CCB43E0008EA69 /* WalE */;
			targetProxy = 9BFA9FAD29CCB4410008EA69 /* PBXContainerItemProxy */;
		};
		9BFA9FB829CCB4410008EA69 /* PBXTargetDependency */ = {
			isa = PBXTargetDependency;
			target = 9BFA9F9A29CCB43E0008EA69 /* WalE */;
			targetProxy = 9BFA9FB729CCB4410008EA69 /* PBXContainerItemProxy */;
		};
/* End PBXTargetDependency section */

/* Begin XCBuildConfiguration section */
		9BFA9FBE29CCB4410008EA69 /* Debug */ = {
			isa = XCBuildConfiguration;
			buildSettings = {
				ALWAYS_SEARCH_USER_PATHS = NO;
				CLANG_ANALYZER_NONNULL = YES;
				CLANG_ANALYZER_NUMBER_OBJECT_CONVERSION = YES_AGGRESSIVE;
				CLANG_CXX_LANGUAGE_STANDARD = "gnu++20";
				CLANG_ENABLE_MODULES = YES;
				CLANG_ENABLE_OBJC_ARC = YES;
				CLANG_ENABLE_OBJC_WEAK = YES;
				CLANG_WARN_BLOCK_CAPTURE_AUTORELEASING = YES;
				CLANG_WARN_BOOL_CONVERSION = YES;
				CLANG_WARN_COMMA = YES;
				CLANG_WARN_CONSTANT_CONVERSION = YES;
				CLANG_WARN_DEPRECATED_OBJC_IMPLEMENTATIONS = YES;
				CLANG_WARN_DIRECT_OBJC_ISA_USAGE = YES_ERROR;
				CLANG_WARN_DOCUMENTATION_COMMENTS = YES;
				CLANG_WARN_EMPTY_BODY = YES;
				CLANG_WARN_ENUM_CONVERSION = YES;
				CLANG_WARN_INFINITE_RECURSION = YES;
				CLANG_WARN_INT_CONVERSION = YES;
				CLANG_WARN_NON_LITERAL_NULL_CONVERSION = YES;
				CLANG_WARN_OBJC_IMPLICIT_RETAIN_SELF = YES;
				CLANG_WARN_OBJC_LITERAL_CONVERSION = YES;
				CLANG_WARN_OBJC_ROOT_CLASS = YES_ERROR;
				CLANG_WARN_QUOTED_INCLUDE_IN_FRAMEWORK_HEADER = YES;
				CLANG_WARN_RANGE_LOOP_ANALYSIS = YES;
				CLANG_WARN_STRICT_PROTOTYPES = YES;
				CLANG_WARN_SUSPICIOUS_MOVE = YES;
				CLANG_WARN_UNGUARDED_AVAILABILITY = YES_AGGRESSIVE;
				CLANG_WARN_UNREACHABLE_CODE = YES;
				CLANG_WARN__DUPLICATE_METHOD_MATCH = YES;
				COPY_PHASE_STRIP = NO;
				DEBUG_INFORMATION_FORMAT = dwarf;
				ENABLE_STRICT_OBJC_MSGSEND = YES;
				ENABLE_TESTABILITY = YES;
				GCC_C_LANGUAGE_STANDARD = gnu11;
				GCC_DYNAMIC_NO_PIC = NO;
				GCC_NO_COMMON_BLOCKS = YES;
				GCC_OPTIMIZATION_LEVEL = 0;
				GCC_PREPROCESSOR_DEFINITIONS = (
					"DEBUG=1",
					"$(inherited)",
				);
				GCC_WARN_64_TO_32_BIT_CONVERSION = YES;
				GCC_WARN_ABOUT_RETURN_TYPE = YES_ERROR;
				GCC_WARN_UNDECLARED_SELECTOR = YES;
				GCC_WARN_UNINITIALIZED_AUTOS = YES_AGGRESSIVE;
				GCC_WARN_UNUSED_FUNCTION = YES;
				GCC_WARN_UNUSED_VARIABLE = YES;
				MTL_ENABLE_DEBUG_INFO = INCLUDE_SOURCE;
				MTL_FAST_MATH = YES;
				ONLY_ACTIVE_ARCH = YES;
				SWIFT_ACTIVE_COMPILATION_CONDITIONS = DEBUG;
				SWIFT_OPTIMIZATION_LEVEL = "-Onone";
			};
			name = Debug;
		};
		9BFA9FBF29CCB4410008EA69 /* Release */ = {
			isa = XCBuildConfiguration;
			buildSettings = {
				ALWAYS_SEARCH_USER_PATHS = NO;
				CLANG_ANALYZER_NONNULL = YES;
				CLANG_ANALYZER_NUMBER_OBJECT_CONVERSION = YES_AGGRESSIVE;
				CLANG_CXX_LANGUAGE_STANDARD = "gnu++20";
				CLANG_ENABLE_MODULES = YES;
				CLANG_ENABLE_OBJC_ARC = YES;
				CLANG_ENABLE_OBJC_WEAK = YES;
				CLANG_WARN_BLOCK_CAPTURE_AUTORELEASING = YES;
				CLANG_WARN_BOOL_CONVERSION = YES;
				CLANG_WARN_COMMA = YES;
				CLANG_WARN_CONSTANT_CONVERSION = YES;
				CLANG_WARN_DEPRECATED_OBJC_IMPLEMENTATIONS = YES;
				CLANG_WARN_DIRECT_OBJC_ISA_USAGE = YES_ERROR;
				CLANG_WARN_DOCUMENTATION_COMMENTS = YES;
				CLANG_WARN_EMPTY_BODY = YES;
				CLANG_WARN_ENUM_CONVERSION = YES;
				CLANG_WARN_INFINITE_RECURSION = YES;
				CLANG_WARN_INT_CONVERSION = YES;
				CLANG_WARN_NON_LITERAL_NULL_CONVERSION = YES;
				CLANG_WARN_OBJC_IMPLICIT_RETAIN_SELF = YES;
				CLANG_WARN_OBJC_LITERAL_CONVERSION = YES;
				CLANG_WARN_OBJC_ROOT_CLASS = YES_ERROR;
				CLANG_WARN_QUOTED_INCLUDE_IN_FRAMEWORK_HEADER = YES;
				CLANG_WARN_RANGE_LOOP_ANALYSIS = YES;
				CLANG_WARN_STRICT_PROTOTYPES = YES;
				CLANG_WARN_SUSPICIOUS_MOVE = YES;
				CLANG_WARN_UNGUARDED_AVAILABILITY = YES_AGGRESSIVE;
				CLANG_WARN_UNREACHABLE_CODE = YES;
				CLANG_WARN__DUPLICATE_METHOD_MATCH = YES;
				COPY_PHASE_STRIP = NO;
				DEBUG_INFORMATION_FORMAT = "dwarf-with-dsym";
				ENABLE_NS_ASSERTIONS = NO;
				ENABLE_STRICT_OBJC_MSGSEND = YES;
				GCC_C_LANGUAGE_STANDARD = gnu11;
				GCC_NO_COMMON_BLOCKS = YES;
				GCC_WARN_64_TO_32_BIT_CONVERSION = YES;
				GCC_WARN_ABOUT_RETURN_TYPE = YES_ERROR;
				GCC_WARN_UNDECLARED_SELECTOR = YES;
				GCC_WARN_UNINITIALIZED_AUTOS = YES_AGGRESSIVE;
				GCC_WARN_UNUSED_FUNCTION = YES;
				GCC_WARN_UNUSED_VARIABLE = YES;
				MTL_ENABLE_DEBUG_INFO = NO;
				MTL_FAST_MATH = YES;
				SWIFT_COMPILATION_MODE = wholemodule;
				SWIFT_OPTIMIZATION_LEVEL = "-O";
			};
			name = Release;
		};
		9BFA9FC129CCB4410008EA69 /* Debug */ = {
			isa = XCBuildConfiguration;
			buildSettings = {
				ASSETCATALOG_COMPILER_APPICON_NAME = AppIcon;
				ASSETCATALOG_COMPILER_GLOBAL_ACCENT_COLOR_NAME = AccentColor;
				CODE_SIGN_ENTITLEMENTS = WalE/WalE.entitlements;
				CODE_SIGN_STYLE = Automatic;
				CURRENT_PROJECT_VERSION = 1;
				DEVELOPMENT_ASSET_PATHS = "\"WalE/Preview Content\"";
				DEVELOPMENT_TEAM = 92ESJ7X8Q2;
				ENABLE_HARDENED_RUNTIME = YES;
				ENABLE_PREVIEWS = YES;
				GENERATE_INFOPLIST_FILE = YES;
				"INFOPLIST_KEY_UIApplicationSceneManifest_Generation[sdk=iphoneos*]" = YES;
				"INFOPLIST_KEY_UIApplicationSceneManifest_Generation[sdk=iphonesimulator*]" = YES;
				"INFOPLIST_KEY_UIApplicationSupportsIndirectInputEvents[sdk=iphoneos*]" = YES;
				"INFOPLIST_KEY_UIApplicationSupportsIndirectInputEvents[sdk=iphonesimulator*]" = YES;
				"INFOPLIST_KEY_UILaunchScreen_Generation[sdk=iphoneos*]" = YES;
				"INFOPLIST_KEY_UILaunchScreen_Generation[sdk=iphonesimulator*]" = YES;
				"INFOPLIST_KEY_UIStatusBarStyle[sdk=iphoneos*]" = UIStatusBarStyleDefault;
				"INFOPLIST_KEY_UIStatusBarStyle[sdk=iphonesimulator*]" = UIStatusBarStyleDefault;
				INFOPLIST_KEY_UISupportedInterfaceOrientations_iPad = "UIInterfaceOrientationPortrait UIInterfaceOrientationPortraitUpsideDown UIInterfaceOrientationLandscapeLeft UIInterfaceOrientationLandscapeRight";
				INFOPLIST_KEY_UISupportedInterfaceOrientations_iPhone = "UIInterfaceOrientationPortrait UIInterfaceOrientationLandscapeLeft UIInterfaceOrientationLandscapeRight";
				IPHONEOS_DEPLOYMENT_TARGET = 16.2;
				LD_RUNPATH_SEARCH_PATHS = "@executable_path/Frameworks";
				"LD_RUNPATH_SEARCH_PATHS[sdk=macosx*]" = "@executable_path/../Frameworks";
				MACOSX_DEPLOYMENT_TARGET = 13.1;
				MARKETING_VERSION = 1.0;
				PRODUCT_BUNDLE_IDENTIFIER = com.nasa.wale.WalE;
				PRODUCT_NAME = "$(TARGET_NAME)";
				SDKROOT = auto;
				SUPPORTED_PLATFORMS = "iphoneos iphonesimulator macosx";
				SWIFT_EMIT_LOC_STRINGS = YES;
				SWIFT_VERSION = 5.0;
				TARGETED_DEVICE_FAMILY = "1,2";
			};
			name = Debug;
		};
		9BFA9FC229CCB4410008EA69 /* Release */ = {
			isa = XCBuildConfiguration;
			buildSettings = {
				ASSETCATALOG_COMPILER_APPICON_NAME = AppIcon;
				ASSETCATALOG_COMPILER_GLOBAL_ACCENT_COLOR_NAME = AccentColor;
				CODE_SIGN_ENTITLEMENTS = WalE/WalE.entitlements;
				CODE_SIGN_STYLE = Automatic;
				CURRENT_PROJECT_VERSION = 1;
				DEVELOPMENT_ASSET_PATHS = "\"WalE/Preview Content\"";
				DEVELOPMENT_TEAM = 92ESJ7X8Q2;
				ENABLE_HARDENED_RUNTIME = YES;
				ENABLE_PREVIEWS = YES;
				GENERATE_INFOPLIST_FILE = YES;
				"INFOPLIST_KEY_UIApplicationSceneManifest_Generation[sdk=iphoneos*]" = YES;
				"INFOPLIST_KEY_UIApplicationSceneManifest_Generation[sdk=iphonesimulator*]" = YES;
				"INFOPLIST_KEY_UIApplicationSupportsIndirectInputEvents[sdk=iphoneos*]" = YES;
				"INFOPLIST_KEY_UIApplicationSupportsIndirectInputEvents[sdk=iphonesimulator*]" = YES;
				"INFOPLIST_KEY_UILaunchScreen_Generation[sdk=iphoneos*]" = YES;
				"INFOPLIST_KEY_UILaunchScreen_Generation[sdk=iphonesimulator*]" = YES;
				"INFOPLIST_KEY_UIStatusBarStyle[sdk=iphoneos*]" = UIStatusBarStyleDefault;
				"INFOPLIST_KEY_UIStatusBarStyle[sdk=iphonesimulator*]" = UIStatusBarStyleDefault;
				INFOPLIST_KEY_UISupportedInterfaceOrientations_iPad = "UIInterfaceOrientationPortrait UIInterfaceOrientationPortraitUpsideDown UIInterfaceOrientationLandscapeLeft UIInterfaceOrientationLandscapeRight";
				INFOPLIST_KEY_UISupportedInterfaceOrientations_iPhone = "UIInterfaceOrientationPortrait UIInterfaceOrientationLandscapeLeft UIInterfaceOrientationLandscapeRight";
				IPHONEOS_DEPLOYMENT_TARGET = 16.2;
				LD_RUNPATH_SEARCH_PATHS = "@executable_path/Frameworks";
				"LD_RUNPATH_SEARCH_PATHS[sdk=macosx*]" = "@executable_path/../Frameworks";
				MACOSX_DEPLOYMENT_TARGET = 13.1;
				MARKETING_VERSION = 1.0;
				PRODUCT_BUNDLE_IDENTIFIER = com.nasa.wale.WalE;
				PRODUCT_NAME = "$(TARGET_NAME)";
				SDKROOT = auto;
				SUPPORTED_PLATFORMS = "iphoneos iphonesimulator macosx";
				SWIFT_EMIT_LOC_STRINGS = YES;
				SWIFT_VERSION = 5.0;
				TARGETED_DEVICE_FAMILY = "1,2";
			};
			name = Release;
		};
		9BFA9FC429CCB4410008EA69 /* Debug */ = {
			isa = XCBuildConfiguration;
			buildSettings = {
				ALWAYS_EMBED_SWIFT_STANDARD_LIBRARIES = YES;
				BUNDLE_LOADER = "$(TEST_HOST)";
				CODE_SIGN_STYLE = Automatic;
				CURRENT_PROJECT_VERSION = 1;
				DEVELOPMENT_TEAM = 92ESJ7X8Q2;
				GENERATE_INFOPLIST_FILE = YES;
				IPHONEOS_DEPLOYMENT_TARGET = 16.2;
				MACOSX_DEPLOYMENT_TARGET = 13.1;
				MARKETING_VERSION = 1.0;
				PRODUCT_BUNDLE_IDENTIFIER = com.nasa.wale.WalETests;
				PRODUCT_NAME = "$(TARGET_NAME)";
				SDKROOT = auto;
				SUPPORTED_PLATFORMS = "iphoneos iphonesimulator macosx";
				SWIFT_EMIT_LOC_STRINGS = NO;
				SWIFT_VERSION = 5.0;
				TARGETED_DEVICE_FAMILY = "1,2";
				TEST_HOST = "$(BUILT_PRODUCTS_DIR)/WalE.app/$(BUNDLE_EXECUTABLE_FOLDER_PATH)/WalE";
			};
			name = Debug;
		};
		9BFA9FC529CCB4410008EA69 /* Release */ = {
			isa = XCBuildConfiguration;
			buildSettings = {
				ALWAYS_EMBED_SWIFT_STANDARD_LIBRARIES = YES;
				BUNDLE_LOADER = "$(TEST_HOST)";
				CODE_SIGN_STYLE = Automatic;
				CURRENT_PROJECT_VERSION = 1;
				DEVELOPMENT_TEAM = 92ESJ7X8Q2;
				GENERATE_INFOPLIST_FILE = YES;
				IPHONEOS_DEPLOYMENT_TARGET = 16.2;
				MACOSX_DEPLOYMENT_TARGET = 13.1;
				MARKETING_VERSION = 1.0;
				PRODUCT_BUNDLE_IDENTIFIER = com.nasa.wale.WalETests;
				PRODUCT_NAME = "$(TARGET_NAME)";
				SDKROOT = auto;
				SUPPORTED_PLATFORMS = "iphoneos iphonesimulator macosx";
				SWIFT_EMIT_LOC_STRINGS = NO;
				SWIFT_VERSION = 5.0;
				TARGETED_DEVICE_FAMILY = "1,2";
				TEST_HOST = "$(BUILT_PRODUCTS_DIR)/WalE.app/$(BUNDLE_EXECUTABLE_FOLDER_PATH)/WalE";
			};
			name = Release;
		};
		9BFA9FC729CCB4410008EA69 /* Debug */ = {
			isa = XCBuildConfiguration;
			buildSettings = {
				ALWAYS_EMBED_SWIFT_STANDARD_LIBRARIES = YES;
				CODE_SIGN_STYLE = Automatic;
				CURRENT_PROJECT_VERSION = 1;
				DEVELOPMENT_TEAM = 92ESJ7X8Q2;
				GENERATE_INFOPLIST_FILE = YES;
				IPHONEOS_DEPLOYMENT_TARGET = 16.2;
				MACOSX_DEPLOYMENT_TARGET = 13.1;
				MARKETING_VERSION = 1.0;
				PRODUCT_BUNDLE_IDENTIFIER = com.nasa.wale.WalEUITests;
				PRODUCT_NAME = "$(TARGET_NAME)";
				SDKROOT = auto;
				SUPPORTED_PLATFORMS = "iphoneos iphonesimulator macosx";
				SWIFT_EMIT_LOC_STRINGS = NO;
				SWIFT_VERSION = 5.0;
				TARGETED_DEVICE_FAMILY = "1,2";
				TEST_TARGET_NAME = WalE;
			};
			name = Debug;
		};
		9BFA9FC829CCB4410008EA69 /* Release */ = {
			isa = XCBuildConfiguration;
			buildSettings = {
				ALWAYS_EMBED_SWIFT_STANDARD_LIBRARIES = YES;
				CODE_SIGN_STYLE = Automatic;
				CURRENT_PROJECT_VERSION = 1;
				DEVELOPMENT_TEAM = 92ESJ7X8Q2;
				GENERATE_INFOPLIST_FILE = YES;
				IPHONEOS_DEPLOYMENT_TARGET = 16.2;
				MACOSX_DEPLOYMENT_TARGET = 13.1;
				MARKETING_VERSION = 1.0;
				PRODUCT_BUNDLE_IDENTIFIER = com.nasa.wale.WalEUITests;
				PRODUCT_NAME = "$(TARGET_NAME)";
				SDKROOT = auto;
				SUPPORTED_PLATFORMS = "iphoneos iphonesimulator macosx";
				SWIFT_EMIT_LOC_STRINGS = NO;
				SWIFT_VERSION = 5.0;
				TARGETED_DEVICE_FAMILY = "1,2";
				TEST_TARGET_NAME = WalE;
			};
			name = Release;
		};
/* End XCBuildConfiguration section */

/* Begin XCConfigurationList section */
		9BFA9F9629CCB43E0008EA69 /* Build configuration list for PBXProject "WalE" */ = {
			isa = XCConfigurationList;
			buildConfigurations = (
				9BFA9FBE29CCB4410008EA69 /* Debug */,
				9BFA9FBF29CCB4410008EA69 /* Release */,
			);
			defaultConfigurationIsVisible = 0;
			defaultConfigurationName = Release;
		};
		9BFA9FC029CCB4410008EA69 /* Build configuration list for PBXNativeTarget "WalE" */ = {
			isa = XCConfigurationList;
			buildConfigurations = (
				9BFA9FC129CCB4410008EA69 /* Debug */,
				9BFA9FC229CCB4410008EA69 /* Release */,
			);
			defaultConfigurationIsVisible = 0;
			defaultConfigurationName = Release;
		};
		9BFA9FC329CCB4410008EA69 /* Build configuration list for PBXNativeTarget "WalETests" */ = {
			isa = XCConfigurationList;
			buildConfigurations = (
				9BFA9FC429CCB4410008EA69 /* Debug */,
				9BFA9FC529CCB4410008EA69 /* Release */,
			);
			defaultConfigurationIsVisible = 0;
			defaultConfigurationName = Release;
		};
		9BFA9FC629CCB4410008EA69 /* Build configuration list for PBXNativeTarget "WalEUITests" */ = {
			isa = XCConfigurationList;
			buildConfigurations = (
				9BFA9FC729CCB4410008EA69 /* Debug */,
				9BFA9FC829CCB4410008EA69 /* Release */,
			);
			defaultConfigurationIsVisible = 0;
			defaultConfigurationName = Release;
		};
/* End XCConfigurationList section */
	};
	rootObject = 9BFA9F9329CCB43E0008EA69 /* Project object */;
}
